
Microsoft Visual Studio Solution File, Format Version 12.00
# Visual Studio 15
VisualStudioVersion = 15.0.28113.53
MinimumVisualStudioVersion = 10.0.40219.1
Project("{FAE04EC0-301F-11D3-BF4B-00C04F79EFBC}") = "AspNetAzureSignalRSample", "AspNetAzureSignalRSample\AspNetAzureSignalRSample.csproj", "{89F8543C-9DEA-421D-8CAF-91673282D5B0}"
EndProject
Global
	GlobalSection(SolutionConfigurationPlatforms) = preSolution
		Debug|Any CPU = Debug|Any CPU
		Release|Any CPU = Release|Any CPU
	EndGlobalSection
	GlobalSection(ProjectConfigurationPlatforms) = postSolution
		{89F8543C-9DEA-421D-8CAF-91673282D5B0}.Debug|Any CPU.ActiveCfg = Debug|Any CPU
		{89F8543C-9DEA-421D-8CAF-91673282D5B0}.Debug|Any CPU.Build.0 = Debug|Any CPU
		{89F8543C-9DEA-421D-8CAF-91673282D5B0}.Release|Any CPU.ActiveCfg = Release|Any CPU
		{89F8543C-9DEA-421D-8CAF-91673282D5B0}.Release|Any CPU.Build.0 = Release|Any CPU
	EndGlobalSection
	GlobalSection(SolutionProperties) = preSolution
		HideSolutionNode = FALSE
	EndGlobalSection
	GlobalSection(ExtensibilityGlobals) = postSolution
		SolutionGuid = {C0DEFA6C-8D97-4163-9439-E0A5114E6EAD}
	EndGlobalSection
EndGlobal
